
Microsoft Visual Studio Solution File, Format Version 12.00
# Visual Studio Version 16
VisualStudioVersion = 16.0.29123.88
MinimumVisualStudioVersion = 10.0.40219.1
Project("{FAE04EC0-301F-11D3-BF4B-00C04F79EFBC}") = "MyFarm", "MyFarm.csproj", "{1639EB7C-0A0C-4E20-BA38-564E542DB205}"
EndProject
Project("{FAE04EC0-301F-11D3-BF4B-00C04F79EFBC}") = "MyFarmTest", "MyFarmTest\MyFarmTest.csproj", "{0C9BED53-3589-4133-8351-6A4C443037E0}"
EndProject
Global
	GlobalSection(SolutionConfigurationPlatforms) = preSolution
		Debug|Any CPU = Debug|Any CPU
		Release|Any CPU = Release|Any CPU
	EndGlobalSection
	GlobalSection(ProjectConfigurationPlatforms) = postSolution
		{1639EB7C-0A0C-4E20-BA38-564E542DB205}.Debug|Any CPU.ActiveCfg = Debug|Any CPU
		{1639EB7C-0A0C-4E20-BA38-564E542DB205}.Debug|Any CPU.Build.0 = Debug|Any CPU
		{1639EB7C-0A0C-4E20-BA38-564E542DB205}.Release|Any CPU.ActiveCfg = Release|Any CPU
		{1639EB7C-0A0C-4E20-BA38-564E542DB205}.Release|Any CPU.Build.0 = Release|Any CPU
		{0C9BED53-3589-4133-8351-6A4C443037E0}.Debug|Any CPU.ActiveCfg = Debug|Any CPU
		{0C9BED53-3589-4133-8351-6A4C443037E0}.Debug|Any CPU.Build.0 = Debug|Any CPU
		{0C9BED53-3589-4133-8351-6A4C443037E0}.Release|Any CPU.ActiveCfg = Release|Any CPU
		{0C9BED53-3589-4133-8351-6A4C443037E0}.Release|Any CPU.Build.0 = Release|Any CPU
	EndGlobalSection
	GlobalSection(SolutionProperties) = preSolution
		HideSolutionNode = FALSE
	EndGlobalSection
	GlobalSection(ExtensibilityGlobals) = postSolution
		SolutionGuid = {CEC452AC-567F-450E-9AD1-0B660FAB24AB}
	EndGlobalSection
EndGlobal
